
Microsoft Visual Studio Solution File, Format Version 12.00
# Visual Studio Version 17
VisualStudioVersion = 17.4.33122.133
MinimumVisualStudioVersion = 10.0.40219.1
Project("{FAE04EC0-301F-11D3-BF4B-00C04F79EFBC}") = "GitHub Console Project - Edited", "GitHub Console Project - Edited\GitHub Console Project - Edited.csproj", "{14053BF3-4B62-48D8-A73D-012144DAB5DB}"
EndProject
Global
	GlobalSection(SolutionConfigurationPlatforms) = preSolution
		Debug|Any CPU = Debug|Any CPU
		Release|Any CPU = Release|Any CPU
	EndGlobalSection
	GlobalSection(ProjectConfigurationPlatforms) = postSolution
		{14053BF3-4B62-48D8-A73D-012144DAB5DB}.Debug|Any CPU.ActiveCfg = Debug|Any CPU
		{14053BF3-4B62-48D8-A73D-012144DAB5DB}.Debug|Any CPU.Build.0 = Debug|Any CPU
		{14053BF3-4B62-48D8-A73D-012144DAB5DB}.Release|Any CPU.ActiveCfg = Release|Any CPU
		{14053BF3-4B62-48D8-A73D-012144DAB5DB}.Release|Any CPU.Build.0 = Release|Any CPU
	EndGlobalSection
	GlobalSection(SolutionProperties) = preSolution
		HideSolutionNode = FALSE
	EndGlobalSection
	GlobalSection(ExtensibilityGlobals) = postSolution
		SolutionGuid = {67FE0660-E90F-433F-A2F3-DFC18CB18F90}
	EndGlobalSection
EndGlobal
